{
  "name": "mysimplemysql8",
  "version": "1.0.0",
  "lockfileVersion": 1,
  "requires": true,
  "dependencies": {
    "@mysql/xdevapi": {
      "version": "8.0.20",
      "resolved": "https://registry.npmjs.org/@mysql/xdevapi/-/xdevapi-8.0.20.tgz",
      "integrity": "sha512-7XIMfrl4S76NV2vkIbiIvdHR75po+LgqokscIdH1Te1bhLFjEIcHnpCiDUXWSK7z1HiJndNnZovg+s5qEs5eNQ==",
      "requires": {
        "google-protobuf": "3.4.0",
        "parsimmon": "1.6.2"
      }
    },
    "bluebird": {
      "version": "3.7.2",
      "resolved": "https://registry.npmjs.org/bluebird/-/bluebird-3.7.2.tgz",
      "integrity": "sha512-XpNj6GDQzdfW+r2Wnn7xiSAd7TM3jzkxGXBGTtWKuSXv1xUV+azxAm8jdWZN06QTQk+2N2XB9jRDkvbmQmcRtg=="
    },
    "err-code": {
      "version": "2.0.3",
      "resolved": "https://registry.npmjs.org/err-code/-/err-code-2.0.3.tgz",
      "integrity": "sha512-2bmlRpNKBxT/CRmPOlyISQpNj+qSeYvcym/uT0Jx2bMOlKLtSy1ZmLuVxSEKKyor/N5yhvp/ZiG1oE3DEYMSFA=="
    },
    "google-protobuf": {
      "version": "3.4.0",
      "resolved": "https://registry.npmjs.org/google-protobuf/-/google-protobuf-3.4.0.tgz",
      "integrity": "sha512-8gq3CyAZFyHJ5dZ0Du/OztbwxEHhHTNOtfr1cSUQYuW6lsrKjMU2DETvOlxPpYNKZ7zAW4xEE7UWqrTxH7bG6Q=="
    },
    "parsimmon": {
      "version": "1.6.2",
      "resolved": "https://registry.npmjs.org/parsimmon/-/parsimmon-1.6.2.tgz",
      "integrity": "sha512-bJNB0ZQhHyM5KqO2Z5ttQAVn/PZ2pccxaOnMcZ0Su7HA1Iv4GQTfUmzSZ6N3jcsCn9F68PZcypAvF3nDRRL+3g=="
    },
    "promise-retry": {
      "version": "2.0.1",
      "resolved": "https://registry.npmjs.org/promise-retry/-/promise-retry-2.0.1.tgz",
      "integrity": "sha512-y+WKFlBR8BGXnsNlIHFGPZmyDf3DFMoLhaflAnyZgV6rG6xu+JwesTo2Q9R6XwYmtmwAFCkAk3e35jEdoeh/3g==",
      "requires": {
        "err-code": "^2.0.2",
        "retry": "^0.12.0"
      }
    },
    "retry": {
      "version": "0.12.0",
      "resolved": "https://registry.npmjs.org/retry/-/retry-0.12.0.tgz",
      "integrity": "sha1-G0KmJmoh8HQh0bC1S33BZ7AcATs="
    }
  }
}
